// !$*UTF8*$!
{
	archiveVersion = 1;
	classes = {
	};
	objectVersion = 46;
	objects = {

/* Begin PBXBuildFile section */
		4B13423E1AC6FD5500595200 /* AppDelegate.swift in Sources */ = {isa = PBXBuildFile; fileRef = 4B13423D1AC6FD5500595200 /* AppDelegate.swift */; };
		4B1342411AC6FD5500595200 /* ExchangeAGram.xcdatamodeld in Sources */ = {isa = PBXBuildFile; fileRef = 4B13423F1AC6FD5500595200 /* ExchangeAGram.xcdatamodeld */; };
		4B1342461AC6FD5500595200 /* Main.storyboard in Resources */ = {isa = PBXBuildFile; fileRef = 4B1342441AC6FD5500595200 /* Main.storyboard */; };
		4B1342481AC6FD5500595200 /* Images.xcassets in Resources */ = {isa = PBXBuildFile; fileRef = 4B1342471AC6FD5500595200 /* Images.xcassets */; };
		4B13424B1AC6FD5500595200 /* LaunchScreen.xib in Resources */ = {isa = PBXBuildFile; fileRef = 4B1342491AC6FD5500595200 /* LaunchScreen.xib */; };
		4B1342571AC6FD5500595200 /* ExchangeAGramTests.swift in Sources */ = {isa = PBXBuildFile; fileRef = 4B1342561AC6FD5500595200 /* ExchangeAGramTests.swift */; };
		4B1342611AC6FFAB00595200 /* FeedViewController.swift in Sources */ = {isa = PBXBuildFile; fileRef = 4B1342601AC6FFAB00595200 /* FeedViewController.swift */; };
		4B1342631AC7038000595200 /* FeedCell.swift in Sources */ = {isa = PBXBuildFile; fileRef = 4B1342621AC7038000595200 /* FeedCell.swift */; };
/* End PBXBuildFile section */

/* Begin PBXContainerItemProxy section */
		4B1342511AC6FD5500595200 /* PBXContainerItemProxy */ = {
			isa = PBXContainerItemProxy;
			containerPortal = 4B1342301AC6FD5500595200 /* Project object */;
			proxyType = 1;
			remoteGlobalIDString = 4B1342371AC6FD5500595200;
			remoteInfo = ExchangeAGram;
		};
/* End PBXContainerItemProxy section */

/* Begin PBXFileReference section */
		4B1342381AC6FD5500595200 /* ExchangeAGram.app */ = {isa = PBXFileReference; explicitFileType = wrapper.application; includeInIndex = 0; path = ExchangeAGram.app; sourceTree = BUILT_PRODUCTS_DIR; };
		4B13423C1AC6FD5500595200 /* Info.plist */ = {isa = PBXFileReference; lastKnownFileType = text.plist.xml; path = Info.plist; sourceTree = "<group>"; };
		4B13423D1AC6FD5500595200 /* AppDelegate.swift */ = {isa = PBXFileReference; lastKnownFileType = sourcecode.swift; path = AppDelegate.swift; sourceTree = "<group>"; };
		4B1342401AC6FD5500595200 /* ExchangeAGram.xcdatamodel */ = {isa = PBXFileReference; lastKnownFileType = wrapper.xcdatamodel; path = ExchangeAGram.xcdatamodel; sourceTree = "<group>"; };
		4B1342451AC6FD5500595200 /* Base */ = {isa = PBXFileReference; lastKnownFileType = file.storyboard; name = Base; path = Base.lproj/Main.storyboard; sourceTree = "<group>"; };
		4B1342471AC6FD5500595200 /* Images.xcassets */ = {isa = PBXFileReference; lastKnownFileType = folder.assetcatalog; path = Images.xcassets; sourceTree = "<group>"; };
		4B13424A1AC6FD5500595200 /* Base */ = {isa = PBXFileReference; lastKnownFileType = file.xib; name = Base; path = Base.lproj/LaunchScreen.xib; sourceTree = "<group>"; };
		4B1342501AC6FD5500595200 /* ExchangeAGramTests.xctest */ = {isa = PBXFileReference; explicitFileType = wrapper.cfbundle; includeInIndex = 0; path = ExchangeAGramTests.xctest; sourceTree = BUILT_PRODUCTS_DIR; };
		4B1342551AC6FD5500595200 /* Info.plist */ = {isa = PBXFileReference; lastKnownFileType = text.plist.xml; path = Info.plist; sourceTree = "<group>"; };
		4B1342561AC6FD5500595200 /* ExchangeAGramTests.swift */ = {isa = PBXFileReference; lastKnownFileType = sourcecode.swift; path = ExchangeAGramTests.swift; sourceTree = "<group>"; };
		4B1342601AC6FFAB00595200 /* FeedViewController.swift */ = {isa = PBXFileReference; fileEncoding = 4; lastKnownFileType = sourcecode.swift; path = FeedViewController.swift; sourceTree = "<group>"; };
		4B1342621AC7038000595200 /* FeedCell.swift */ = {isa = PBXFileReference; fileEncoding = 4; lastKnownFileType = sourcecode.swift; path = FeedCell.swift; sourceTree = "<group>"; };
/* End PBXFileReference section */

/* Begin PBXFrameworksBuildPhase section */
		4B1342351AC6FD5500595200 /* Frameworks */ = {
			isa = PBXFrameworksBuildPhase;
			buildActionMask = 2147483647;
			files = (
			);
			runOnlyForDeploymentPostprocessing = 0;
		};
		4B13424D1AC6FD5500595200 /* Frameworks */ = {
			isa = PBXFrameworksBuildPhase;
			buildActionMask = 2147483647;
			files = (
			);
			runOnlyForDeploymentPostprocessing = 0;
		};
/* End PBXFrameworksBuildPhase section */

/* Begin PBXGroup section */
		4B13422F1AC6FD5500595200 = {
			isa = PBXGroup;
			children = (
				4B13423A1AC6FD5500595200 /* ExchangeAGram */,
				4B1342531AC6FD5500595200 /* ExchangeAGramTests */,
				4B1342391AC6FD5500595200 /* Products */,
			);
			sourceTree = "<group>";
		};
		4B1342391AC6FD5500595200 /* Products */ = {
			isa = PBXGroup;
			children = (
				4B1342381AC6FD5500595200 /* ExchangeAGram.app */,
				4B1342501AC6FD5500595200 /* ExchangeAGramTests.xctest */,
			);
			name = Products;
			sourceTree = "<group>";
		};
		4B13423A1AC6FD5500595200 /* ExchangeAGram */ = {
			isa = PBXGroup;
			children = (
				4B13423D1AC6FD5500595200 /* AppDelegate.swift */,
				4B1342601AC6FFAB00595200 /* FeedViewController.swift */,
				4B1342621AC7038000595200 /* FeedCell.swift */,
				4B1342441AC6FD5500595200 /* Main.storyboard */,
				4B1342471AC6FD5500595200 /* Images.xcassets */,
				4B1342491AC6FD5500595200 /* LaunchScreen.xib */,
				4B13423F1AC6FD5500595200 /* ExchangeAGram.xcdatamodeld */,
				4B13423B1AC6FD5500595200 /* Supporting Files */,
			);
			path = ExchangeAGram;
			sourceTree = "<group>";
		};
		4B13423B1AC6FD5500595200 /* Supporting Files */ = {
			isa = PBXGroup;
			children = (
				4B13423C1AC6FD5500595200 /* Info.plist */,
			);
			name = "Supporting Files";
			sourceTree = "<group>";
		};
		4B1342531AC6FD5500595200 /* ExchangeAGramTests */ = {
			isa = PBXGroup;
			children = (
				4B1342561AC6FD5500595200 /* ExchangeAGramTests.swift */,
				4B1342541AC6FD5500595200 /* Supporting Files */,
			);
			path = ExchangeAGramTests;
			sourceTree = "<group>";
		};
		4B1342541AC6FD5500595200 /* Supporting Files */ = {
			isa = PBXGroup;
			children = (
				4B1342551AC6FD5500595200 /* Info.plist */,
			);
			name = "Supporting Files";
			sourceTree = "<group>";
		};
/* End PBXGroup section */

/* Begin PBXNativeTarget section */
		4B1342371AC6FD5500595200 /* ExchangeAGram */ = {
			isa = PBXNativeTarget;
			buildConfigurationList = 4B13425A1AC6FD5500595200 /* Build configuration list for PBXNativeTarget "ExchangeAGram" */;
			buildPhases = (
				4B1342341AC6FD5500595200 /* Sources */,
				4B1342351AC6FD5500595200 /* Frameworks */,
				4B1342361AC6FD5500595200 /* Resources */,
			);
			buildRules = (
			);
			dependencies = (
			);
			name = ExchangeAGram;
			productName = ExchangeAGram;
			productReference = 4B1342381AC6FD5500595200 /* ExchangeAGram.app */;
			productType = "com.apple.product-type.application";
		};
		4B13424F1AC6FD5500595200 /* ExchangeAGramTests */ = {
			isa = PBXNativeTarget;
			buildConfigurationList = 4B13425D1AC6FD5500595200 /* Build configuration list for PBXNativeTarget "ExchangeAGramTests" */;
			buildPhases = (
				4B13424C1AC6FD5500595200 /* Sources */,
				4B13424D1AC6FD5500595200 /* Frameworks */,
				4B13424E1AC6FD5500595200 /* Resources */,
			);
			buildRules = (
			);
			dependencies = (
				4B1342521AC6FD5500595200 /* PBXTargetDependency */,
			);
			name = ExchangeAGramTests;
			productName = ExchangeAGramTests;
			productReference = 4B1342501AC6FD5500595200 /* ExchangeAGramTests.xctest */;
			productType = "com.apple.product-type.bundle.unit-test";
		};
/* End PBXNativeTarget section */

/* Begin PBXProject section */
		4B1342301AC6FD5500595200 /* Project object */ = {
			isa = PBXProject;
			attributes = {
				LastUpgradeCheck = 0620;
				ORGANIZATIONNAME = "Brian D Keane";
				TargetAttributes = {
					4B1342371AC6FD5500595200 = {
						CreatedOnToolsVersion = 6.2;
					};
					4B13424F1AC6FD5500595200 = {
						CreatedOnToolsVersion = 6.2;
						TestTargetID = 4B1342371AC6FD5500595200;
					};
				};
			};
			buildConfigurationList = 4B1342331AC6FD5500595200 /* Build configuration list for PBXProject "ExchangeAGram" */;
			compatibilityVersion = "Xcode 3.2";
			developmentRegion = English;
			hasScannedForEncodings = 0;
			knownRegions = (
				en,
				Base,
			);
			mainGroup = 4B13422F1AC6FD5500595200;
			productRefGroup = 4B1342391AC6FD5500595200 /* Products */;
			projectDirPath = "";
			projectRoot = "";
			targets = (
				4B1342371AC6FD5500595200 /* ExchangeAGram */,
				4B13424F1AC6FD5500595200 /* ExchangeAGramTests */,
			);
		};
/* End PBXProject section */

/* Begin PBXResourcesBuildPhase section */
		4B1342361AC6FD5500595200 /* Resources */ = {
			isa = PBXResourcesBuildPhase;
			buildActionMask = 2147483647;
			files = (
				4B1342461AC6FD5500595200 /* Main.storyboard in Resources */,
				4B13424B1AC6FD5500595200 /* LaunchScreen.xib in Resources */,
				4B1342481AC6FD5500595200 /* Images.xcassets in Resources */,
			);
			runOnlyForDeploymentPostprocessing = 0;
		};
		4B13424E1AC6FD5500595200 /* Resources */ = {
			isa = PBXResourcesBuildPhase;
			buildActionMask = 2147483647;
			files = (
			);
			runOnlyForDeploymentPostprocessing = 0;
		};
/* End PBXResourcesBuildPhase section */

/* Begin PBXSourcesBuildPhase section */
		4B1342341AC6FD5500595200 /* Sources */ = {
			isa = PBXSourcesBuildPhase;
			buildActionMask = 2147483647;
			files = (
				4B13423E1AC6FD5500595200 /* AppDelegate.swift in Sources */,
				4B1342631AC7038000595200 /* FeedCell.swift in Sources */,
				4B1342611AC6FFAB00595200 /* FeedViewController.swift in Sources */,
				4B1342411AC6FD5500595200 /* ExchangeAGram.xcdatamodeld in Sources */,
			);
			runOnlyForDeploymentPostprocessing = 0;
		};
		4B13424C1AC6FD5500595200 /* Sources */ = {
			isa = PBXSourcesBuildPhase;
			buildActionMask = 2147483647;
			files = (
				4B1342571AC6FD5500595200 /* ExchangeAGramTests.swift in Sources */,
			);
			runOnlyForDeploymentPostprocessing = 0;
		};
/* End PBXSourcesBuildPhase section */

/* Begin PBXTargetDependency section */
		4B1342521AC6FD5500595200 /* PBXTargetDependency */ = {
			isa = PBXTargetDependency;
			target = 4B1342371AC6FD5500595200 /* ExchangeAGram */;
			targetProxy = 4B1342511AC6FD5500595200 /* PBXContainerItemProxy */;
		};
/* End PBXTargetDependency section */

/* Begin PBXVariantGroup section */
		4B1342441AC6FD5500595200 /* Main.storyboard */ = {
			isa = PBXVariantGroup;
			children = (
				4B1342451AC6FD5500595200 /* Base */,
			);
			name = Main.storyboard;
			sourceTree = "<group>";
		};
		4B1342491AC6FD5500595200 /* LaunchScreen.xib */ = {
			isa = PBXVariantGroup;
			children = (
				4B13424A1AC6FD5500595200 /* Base */,
			);
			name = LaunchScreen.xib;
			sourceTree = "<group>";
		};
/* End PBXVariantGroup section */

/* Begin XCBuildConfiguration section */
		4B1342581AC6FD5500595200 /* Debug */ = {
			isa = XCBuildConfiguration;
			buildSettings = {
				ALWAYS_SEARCH_USER_PATHS = NO;
				CLANG_CXX_LANGUAGE_STANDARD = "gnu++0x";
				CLANG_CXX_LIBRARY = "libc++";
				CLANG_ENABLE_MODULES = YES;
				CLANG_ENABLE_OBJC_ARC = YES;
				CLANG_WARN_BOOL_CONVERSION = YES;
				CLANG_WARN_CONSTANT_CONVERSION = YES;
				CLANG_WARN_DIRECT_OBJC_ISA_USAGE = YES_ERROR;
				CLANG_WARN_EMPTY_BODY = YES;
				CLANG_WARN_ENUM_CONVERSION = YES;
				CLANG_WARN_INT_CONVERSION = YES;
				CLANG_WARN_OBJC_ROOT_CLASS = YES_ERROR;
				CLANG_WARN_UNREACHABLE_CODE = YES;
				CLANG_WARN__DUPLICATE_METHOD_MATCH = YES;
				"CODE_SIGN_IDENTITY[sdk=iphoneos*]" = "iPhone Developer";
				COPY_PHASE_STRIP = NO;
				ENABLE_STRICT_OBJC_MSGSEND = YES;
				GCC_C_LANGUAGE_STANDARD = gnu99;
				GCC_DYNAMIC_NO_PIC = NO;
				GCC_OPTIMIZATION_LEVEL = 0;
				GCC_PREPROCESSOR_DEFINITIONS = (
					"DEBUG=1",
					"$(inherited)",
				);
				GCC_SYMBOLS_PRIVATE_EXTERN = NO;
				GCC_WARN_64_TO_32_BIT_CONVERSION = YES;
				GCC_WARN_ABOUT_RETURN_TYPE = YES_ERROR;
				GCC_WARN_UNDECLARED_SELECTOR = YES;
				GCC_WARN_UNINITIALIZED_AUTOS = YES_AGGRESSIVE;
				GCC_WARN_UNUSED_FUNCTION = YES;
				GCC_WARN_UNUSED_VARIABLE = YES;
				IPHONEOS_DEPLOYMENT_TARGET = 8.2;
				MTL_ENABLE_DEBUG_INFO = YES;
				ONLY_ACTIVE_ARCH = YES;
				SDKROOT = iphoneos;
				SWIFT_OPTIMIZATION_LEVEL = "-Onone";
				TARGETED_DEVICE_FAMILY = "1,2";
			};
			name = Debug;
		};
		4B1342591AC6FD5500595200 /* Release */ = {
			isa = XCBuildConfiguration;
			buildSettings = {
				ALWAYS_SEARCH_USER_PATHS = NO;
				CLANG_CXX_LANGUAGE_STANDARD = "gnu++0x";
				CLANG_CXX_LIBRARY = "libc++";
				CLANG_ENABLE_MODULES = YES;
				CLANG_ENABLE_OBJC_ARC = YES;
				CLANG_WARN_BOOL_CONVERSION = YES;
				CLANG_WARN_CONSTANT_CONVERSION = YES;
				CLANG_WARN_DIRECT_OBJC_ISA_USAGE = YES_ERROR;
				CLANG_WARN_EMPTY_BODY = YES;
				CLANG_WARN_ENUM_CONVERSION = YES;
				CLANG_WARN_INT_CONVERSION = YES;
				CLANG_WARN_OBJC_ROOT_CLASS = YES_ERROR;
				CLANG_WARN_UNREACHABLE_CODE = YES;
				CLANG_WARN__DUPLICATE_METHOD_MATCH = YES;
				"CODE_SIGN_IDENTITY[sdk=iphoneos*]" = "iPhone Developer";
				COPY_PHASE_STRIP = NO;
				ENABLE_NS_ASSERTIONS = NO;
				ENABLE_STRICT_OBJC_MSGSEND = YES;
				GCC_C_LANGUAGE_STANDARD = gnu99;
				GCC_WARN_64_TO_32_BIT_CONVERSION = YES;
				GCC_WARN_ABOUT_RETURN_TYPE = YES_ERROR;
				GCC_WARN_UNDECLARED_SELECTOR = YES;
				GCC_WARN_UNINITIALIZED_AUTOS = YES_AGGRESSIVE;
				GCC_WARN_UNUSED_FUNCTION = YES;
				GCC_WARN_UNUSED_VARIABLE = YES;
				IPHONEOS_DEPLOYMENT_TARGET = 8.2;
				MTL_ENABLE_DEBUG_INFO = NO;
				SDKROOT = iphoneos;
				TARGETED_DEVICE_FAMILY = "1,2";
				VALIDATE_PRODUCT = YES;
			};
			name = Release;
		};
		4B13425B1AC6FD5500595200 /* Debug */ = {
			isa = XCBuildConfiguration;
			buildSettings = {
				ASSETCATALOG_COMPILER_APPICON_NAME = AppIcon;
				INFOPLIST_FILE = ExchangeAGram/Info.plist;
				LD_RUNPATH_SEARCH_PATHS = "$(inherited) @executable_path/Frameworks";
				PRODUCT_NAME = "$(TARGET_NAME)";
			};
			name = Debug;
		};
		4B13425C1AC6FD5500595200 /* Release */ = {
			isa = XCBuildConfiguration;
			buildSettings = {
				ASSETCATALOG_COMPILER_APPICON_NAME = AppIcon;
				INFOPLIST_FILE = ExchangeAGram/Info.plist;
				LD_RUNPATH_SEARCH_PATHS = "$(inherited) @executable_path/Frameworks";
				PRODUCT_NAME = "$(TARGET_NAME)";
			};
			name = Release;
		};
		4B13425E1AC6FD5500595200 /* Debug */ = {
			isa = XCBuildConfiguration;
			buildSettings = {
				BUNDLE_LOADER = "$(TEST_HOST)";
				FRAMEWORK_SEARCH_PATHS = (
					"$(SDKROOT)/Developer/Library/Frameworks",
					"$(inherited)",
				);
				GCC_PREPROCESSOR_DEFINITIONS = (
					"DEBUG=1",
					"$(inherited)",
				);
				INFOPLIST_FILE = ExchangeAGramTests/Info.plist;
				LD_RUNPATH_SEARCH_PATHS = "$(inherited) @executable_path/Frameworks @loader_path/Frameworks";
				PRODUCT_NAME = "$(TARGET_NAME)";
				TEST_HOST = "$(BUILT_PRODUCTS_DIR)/ExchangeAGram.app/ExchangeAGram";
			};
			name = Debug;
		};
		4B13425F1AC6FD5500595200 /* Release */ = {
			isa = XCBuildConfiguration;
			buildSettings = {
				BUNDLE_LOADER = "$(TEST_HOST)";
				FRAMEWORK_SEARCH_PATHS = (
					"$(SDKROOT)/Developer/Library/Frameworks",
					"$(inherited)",
				);
				INFOPLIST_FILE = ExchangeAGramTests/Info.plist;
				LD_RUNPATH_SEARCH_PATHS = "$(inherited) @executable_path/Frameworks @loader_path/Frameworks";
				PRODUCT_NAME = "$(TARGET_NAME)";
				TEST_HOST = "$(BUILT_PRODUCTS_DIR)/ExchangeAGram.app/ExchangeAGram";
			};
			name = Release;
		};
/* End XCBuildConfiguration section */

/* Begin XCConfigurationList section */
		4B1342331AC6FD5500595200 /* Build configuration list for PBXProject "ExchangeAGram" */ = {
			isa = XCConfigurationList;
			buildConfigurations = (
				4B1342581AC6FD5500595200 /* Debug */,
				4B1342591AC6FD5500595200 /* Release */,
			);
			defaultConfigurationIsVisible = 0;
			defaultConfigurationName = Release;
		};
		4B13425A1AC6FD5500595200 /* Build configuration list for PBXNativeTarget "ExchangeAGram" */ = {
			isa = XCConfigurationList;
			buildConfigurations = (
				4B13425B1AC6FD5500595200 /* Debug */,
				4B13425C1AC6FD5500595200 /* Release */,
			);
			defaultConfigurationIsVisible = 0;
		};
		4B13425D1AC6FD5500595200 /* Build configuration list for PBXNativeTarget "ExchangeAGramTests" */ = {
			isa = XCConfigurationList;
			buildConfigurations = (
				4B13425E1AC6FD5500595200 /* Debug */,
				4B13425F1AC6FD5500595200 /* Release */,
			);
			defaultConfigurationIsVisible = 0;
		};
/* End XCConfigurationList section */

/* Begin XCVersionGroup section */
		4B13423F1AC6FD5500595200 /* ExchangeAGram.xcdatamodeld */ = {
			isa = XCVersionGroup;
			children = (
				4B1342401AC6FD5500595200 /* ExchangeAGram.xcdatamodel */,
			);
			currentVersion = 4B1342401AC6FD5500595200 /* ExchangeAGram.xcdatamodel */;
			path = ExchangeAGram.xcdatamodeld;
			sourceTree = "<group>";
			versionGroupType = wrapper.xcdatamodel;
		};
/* End XCVersionGroup section */
	};
	rootObject = 4B1342301AC6FD5500595200 /* Project object */;
}
